<?xml version="1.0" encoding="utf-8"?>
<Project ToolsVersion="4.0" xmlns="http://schemas.microsoft.com/developer/msbuild/2003">
  <ItemGroup>
    <Filter Include="Fichiers sources">
      <UniqueIdentifier>{4FC737F1-C7A5-4376-A066-2A32D752A2FF}</UniqueIdentifier>
      <Extensions>cpp;c;cc;cxx;c++;cppm;ixx;def;odl;idl;hpj;bat;asm;asmx</Extensions>
    </Filter>
    <Filter Include="Fichiers d%27en-tête">
      <UniqueIdentifier>{93995380-89BD-4b04-88EB-625FBE52EBFB}</UniqueIdentifier>
      <Extensions>h;hh;hpp;hxx;h++;hm;inl;inc;ipp;xsd</Extensions>
    </Filter>
    <Filter Include="Fichiers de ressources">
      <UniqueIdentifier>{67DA6AB6-F800-4c08-8B7A-83BB121AAD01}</UniqueIdentifier>
      <Extensions>rc;ico;cur;bmp;dlg;rc2;rct;bin;rgs;gif;jpg;jpeg;jpe;resx;tiff;tif;png;wav;mfcribbon-ms</Extensions>
    </Filter>
    <Filter Include="Fichiers d%27en-tête\Backend">
      <UniqueIdentifier>{869b8d2b-d412-49d2-9617-63277ce28889}</UniqueIdentifier>
    </Filter>
    <Filter Include="Fichiers d%27en-tête\Backend\Colors">
      <UniqueIdentifier>{ad5a745e-56b1-4796-9f38-27ede0844582}</UniqueIdentifier>
    </Filter>
    <Filter Include="Fichiers d%27en-tête\Backend\Code">
      <UniqueIdentifier>{c542fa79-d5bf-454a-b079-9e359aae824a}</UniqueIdentifier>
    </Filter>
    <Filter Include="Fichiers d%27en-tête\Backend\Bytes">
      <UniqueIdentifier>{ac3b7065-fa1f-437d-9b9c-dc6a9577087d}</UniqueIdentifier>
    </Filter>
  </ItemGroup>
  <ItemGroup>
    <ClCompile Include="ImpulseOS.cpp">
      <Filter>Fichiers sources</Filter>
    </ClCompile>
  </ItemGroup>
  <ItemGroup>
    <ClInclude Include="Colors.hpp">
      <Filter>Fichiers d%27en-tête\Backend\Colors</Filter>
    </ClInclude>
    <ClInclude Include="code.hpp">
      <Filter>Fichiers d%27en-tête</Filter>
    </ClInclude>
    <ClInclude Include="cursor.hpp">
      <Filter>Fichiers d%27en-tête</Filter>
    </ClInclude>
  </ItemGroup>
</Project>